<?xml version="1.0" encoding="utf-8"?>
<Project ToolsVersion="4.0" xmlns="http://schemas.microsoft.com/developer/msbuild/2003">
  <ItemGroup>
    <Filter Include="Source Files">
      <UniqueIdentifier>{1b5ac19c-bf76-4bec-a663-55be3a76ccce}</UniqueIdentifier>
      <Extensions>cpp;c;cxx;rc;def;r;odl;idl;hpj;bat</Extensions>
    </Filter>
    <Filter Include="Header Files">
      <UniqueIdentifier>{404ad47c-b2f2-4eb5-b55e-330eff35c511}</UniqueIdentifier>
      <Extensions>h;hpp;hxx;hm;inl</Extensions>
    </Filter>
  </ItemGroup>
  <ItemGroup>
    <ClCompile Include="ArAction.cpp">
      <Filter>Source Files</Filter>
    </ClCompile>
    <ClCompile Include="ArActionAvoidFront.cpp">
      <Filter>Source Files</Filter>
    </ClCompile>
    <ClCompile Include="ArActionAvoidSide.cpp">
      <Filter>Source Files</Filter>
    </ClCompile>
    <ClCompile Include="ArActionBumpers.cpp">
      <Filter>Source Files</Filter>
    </ClCompile>
    <ClCompile Include="ArActionColorFollow.cpp">
      <Filter>Source Files</Filter>
    </ClCompile>
    <ClCompile Include="ArActionConstantVelocity.cpp">
      <Filter>Source Files</Filter>
    </ClCompile>
    <ClCompile Include="ArActionDeceleratingLimiter.cpp">
      <Filter>Source Files</Filter>
    </ClCompile>
    <ClCompile Include="ArActionDesired.cpp">
      <Filter>Source Files</Filter>
    </ClCompile>
    <ClCompile Include="ArActionDriveDistance.cpp">
      <Filter>Source Files</Filter>
    </ClCompile>
    <ClCompile Include="ArActionGoto.cpp">
      <Filter>Source Files</Filter>
    </ClCompile>
    <ClCompile Include="ArActionGotoStraight.cpp">
      <Filter>Source Files</Filter>
    </ClCompile>
    <ClCompile Include="ArActionGroup.cpp">
      <Filter>Source Files</Filter>
    </ClCompile>
    <ClCompile Include="ArActionGroups.cpp">
      <Filter>Source Files</Filter>
    </ClCompile>
    <ClCompile Include="ArActionInput.cpp">
      <Filter>Source Files</Filter>
    </ClCompile>
    <ClCompile Include="ArActionIRs.cpp">
      <Filter>Source Files</Filter>
    </ClCompile>
    <ClCompile Include="ArActionJoydrive.cpp">
      <Filter>Source Files</Filter>
    </ClCompile>
    <ClCompile Include="ArActionKeydrive.cpp">
      <Filter>Source Files</Filter>
    </ClCompile>
    <ClCompile Include="ArActionLimiterBackwards.cpp">
      <Filter>Source Files</Filter>
    </ClCompile>
    <ClCompile Include="ArActionLimiterForwards.cpp">
      <Filter>Source Files</Filter>
    </ClCompile>
    <ClCompile Include="ArActionLimiterTableSensor.cpp">
      <Filter>Source Files</Filter>
    </ClCompile>
    <ClCompile Include="ArActionMovementParameters.cpp">
      <Filter>Source Files</Filter>
    </ClCompile>
    <ClCompile Include="ArActionRatioInput.cpp">
      <Filter>Source Files</Filter>
    </ClCompile>
    <ClCompile Include="ArActionRobotJoydrive.cpp">
      <Filter>Source Files</Filter>
    </ClCompile>
    <ClCompile Include="ArActionStallRecover.cpp">
      <Filter>Source Files</Filter>
    </ClCompile>
    <ClCompile Include="ArActionStop.cpp">
      <Filter>Source Files</Filter>
    </ClCompile>
    <ClCompile Include="ArActionTriangleDriveTo.cpp">
      <Filter>Source Files</Filter>
    </ClCompile>
    <ClCompile Include="ArActionTurn.cpp">
      <Filter>Source Files</Filter>
    </ClCompile>
    <ClCompile Include="ArACTS.cpp">
      <Filter>Source Files</Filter>
    </ClCompile>
    <ClCompile Include="ArAMPTU.cpp">
      <Filter>Source Files</Filter>
    </ClCompile>
    <ClCompile Include="ArAnalogGyro.cpp">
      <Filter>Source Files</Filter>
    </ClCompile>
    <ClCompile Include="ArArg.cpp">
      <Filter>Source Files</Filter>
    </ClCompile>
    <ClCompile Include="ArArgumentBuilder.cpp">
      <Filter>Source Files</Filter>
    </ClCompile>
    <ClCompile Include="ArArgumentParser.cpp">
      <Filter>Source Files</Filter>
    </ClCompile>
    <ClCompile Include="ArASyncTask.cpp">
      <Filter>Source Files</Filter>
    </ClCompile>
    <ClCompile Include="ArBasePacket.cpp">
      <Filter>Source Files</Filter>
    </ClCompile>
    <ClCompile Include="ArBumpers.cpp">
      <Filter>Source Files</Filter>
    </ClCompile>
    <ClCompile Include="ArCameraCollection.cpp">
      <Filter>Source Files</Filter>
    </ClCompile>
    <ClCompile Include="ArCameraCommands.cpp">
      <Filter>Source Files</Filter>
    </ClCompile>
    <ClCompile Include="ArCondition_WIN.cpp">
      <Filter>Source Files</Filter>
    </ClCompile>
    <ClCompile Include="ArConfig.cpp">
      <Filter>Source Files</Filter>
    </ClCompile>
    <ClCompile Include="ArConfigArg.cpp">
      <Filter>Source Files</Filter>
    </ClCompile>
    <ClCompile Include="ArConfigGroup.cpp">
      <Filter>Source Files</Filter>
    </ClCompile>
    <ClCompile Include="ArDataLogger.cpp">
      <Filter>Source Files</Filter>
    </ClCompile>
    <ClCompile Include="ArDeviceConnection.cpp">
      <Filter>Source Files</Filter>
    </ClCompile>
    <ClCompile Include="ArDPPTU.cpp">
      <Filter>Source Files</Filter>
    </ClCompile>
    <ClCompile Include="ArFileParser.cpp">
      <Filter>Source Files</Filter>
    </ClCompile>
    <ClCompile Include="ArForbiddenRangeDevice.cpp">
      <Filter>Source Files</Filter>
    </ClCompile>
    <ClCompile Include="ArFunctorASyncTask.cpp">
      <Filter>Source Files</Filter>
    </ClCompile>
    <ClCompile Include="ArGPS.cpp">
      <Filter>Source Files</Filter>
    </ClCompile>
    <ClCompile Include="ArGPSConnector.cpp">
      <Filter>Source Files</Filter>
    </ClCompile>
    <ClCompile Include="ArGPSCoords.cpp">
      <Filter>Source Files</Filter>
    </ClCompile>
    <ClCompile Include="ArGripper.cpp">
      <Filter>Source Files</Filter>
    </ClCompile>
    <ClCompile Include="Aria.cpp">
      <Filter>Source Files</Filter>
    </ClCompile>
    <ClCompile Include="ariaUtil.cpp">
      <Filter>Source Files</Filter>
    </ClCompile>
    <ClCompile Include="ArInterpolation.cpp">
      <Filter>Source Files</Filter>
    </ClCompile>
    <ClCompile Include="ArIrrfDevice.cpp">
      <Filter>Source Files</Filter>
    </ClCompile>
    <ClCompile Include="ArIRs.cpp">
      <Filter>Source Files</Filter>
    </ClCompile>
    <ClCompile Include="ArJoyHandler.cpp">
      <Filter>Source Files</Filter>
    </ClCompile>
    <ClCompile Include="ArJoyHandler_WIN.cpp">
      <Filter>Source Files</Filter>
    </ClCompile>
    <ClCompile Include="ArKeyHandler.cpp">
      <Filter>Source Files</Filter>
    </ClCompile>
    <ClCompile Include="ArLaser.cpp">
      <Filter>Source Files</Filter>
    </ClCompile>
    <ClCompile Include="ArLaserConnector.cpp">
      <Filter>Source Files</Filter>
    </ClCompile>
    <ClCompile Include="ArLaserFilter.cpp">
      <Filter>Source Files</Filter>
    </ClCompile>
    <ClCompile Include="ArLaserLogger.cpp">
      <Filter>Source Files</Filter>
    </ClCompile>
    <ClCompile Include="ArLaserReflectorDevice.cpp">
      <Filter>Source Files</Filter>
    </ClCompile>
    <ClCompile Include="ArLineFinder.cpp">
      <Filter>Source Files</Filter>
    </ClCompile>
    <ClCompile Include="ArLMS1XX.cpp">
      <Filter>Source Files</Filter>
    </ClCompile>
    <ClCompile Include="ArLMS2xx.cpp">
      <Filter>Source Files</Filter>
    </ClCompile>
    <ClCompile Include="ArLMS2xxPacket.cpp">
      <Filter>Source Files</Filter>
    </ClCompile>
    <ClCompile Include="ArLMS2xxPacketReceiver.cpp">
      <Filter>Source Files</Filter>
    </ClCompile>
    <ClCompile Include="ArLog.cpp">
      <Filter>Source Files</Filter>
    </ClCompile>
    <ClCompile Include="ArLogFileConnection.cpp">
      <Filter>Source Files</Filter>
    </ClCompile>
    <ClCompile Include="ArMap.cpp">
      <Filter>Source Files</Filter>
    </ClCompile>
    <ClCompile Include="ArMapComponents.cpp">
      <Filter>Source Files</Filter>
    </ClCompile>
    <ClCompile Include="ArMapInterface.cpp">
      <Filter>Source Files</Filter>
    </ClCompile>
    <ClCompile Include="ArMapObject.cpp">
      <Filter>Source Files</Filter>
    </ClCompile>
    <ClCompile Include="ArMapUtils.cpp">
      <Filter>Source Files</Filter>
    </ClCompile>
    <ClCompile Include="ArMD5Calculator.cpp">
      <Filter>Source Files</Filter>
    </ClCompile>
    <ClCompile Include="ArMode.cpp">
      <Filter>Source Files</Filter>
    </ClCompile>
    <ClCompile Include="ArModes.cpp">
      <Filter>Source Files</Filter>
    </ClCompile>
    <ClCompile Include="ArModule.cpp">
      <Filter>Source Files</Filter>
    </ClCompile>
    <ClCompile Include="ArModuleLoader.cpp">
      <Filter>Source Files</Filter>
    </ClCompile>
    <ClCompile Include="ArMutex.cpp">
      <Filter>Source Files</Filter>
    </ClCompile>
    <ClCompile Include="ArMutex_WIN.cpp">
      <Filter>Source Files</Filter>
    </ClCompile>
    <ClCompile Include="ArNetServer.cpp">
      <Filter>Source Files</Filter>
    </ClCompile>
    <ClCompile Include="ArNMEAParser.cpp">
      <Filter>Source Files</Filter>
    </ClCompile>
    <ClCompile Include="ArNovatelGPS.cpp">
      <Filter>Source Files</Filter>
    </ClCompile>
    <ClCompile Include="ArP2Arm.cpp">
      <Filter>Source Files</Filter>
    </ClCompile>
    <ClCompile Include="ArPriorityResolver.cpp">
      <Filter>Source Files</Filter>
    </ClCompile>
    <ClCompile Include="ArPTZ.cpp">
      <Filter>Source Files</Filter>
    </ClCompile>
    <ClCompile Include="ArRangeBuffer.cpp">
      <Filter>Source Files</Filter>
    </ClCompile>
    <ClCompile Include="ArRangeDevice.cpp">
      <Filter>Source Files</Filter>
    </ClCompile>
    <ClCompile Include="ArRangeDeviceThreaded.cpp">
      <Filter>Source Files</Filter>
    </ClCompile>
    <ClCompile Include="ArRatioInputJoydrive.cpp">
      <Filter>Source Files</Filter>
    </ClCompile>
    <ClCompile Include="ArRatioInputKeydrive.cpp">
      <Filter>Source Files</Filter>
    </ClCompile>
    <ClCompile Include="ArRatioInputRobotJoydrive.cpp">
      <Filter>Source Files</Filter>
    </ClCompile>
    <ClCompile Include="ArRecurrentTask.cpp">
      <Filter>Source Files</Filter>
    </ClCompile>
    <ClCompile Include="ArRobot.cpp">
      <Filter>Source Files</Filter>
    </ClCompile>
    <ClCompile Include="ArRobotConfig.cpp">
      <Filter>Source Files</Filter>
    </ClCompile>
    <ClCompile Include="ArRobotConfigPacketReader.cpp">
      <Filter>Source Files</Filter>
    </ClCompile>
    <ClCompile Include="ArRobotConnector.cpp">
      <Filter>Source Files</Filter>
    </ClCompile>
    <ClCompile Include="ArRobotJoyHandler.cpp">
      <Filter>Source Files</Filter>
    </ClCompile>
    <ClCompile Include="ArRobotPacket.cpp">
      <Filter>Source Files</Filter>
    </ClCompile>
    <ClCompile Include="ArRobotPacketReceiver.cpp">
      <Filter>Source Files</Filter>
    </ClCompile>
    <ClCompile Include="ArRobotPacketSender.cpp">
      <Filter>Source Files</Filter>
    </ClCompile>
    <ClCompile Include="ArRobotParams.cpp">
      <Filter>Source Files</Filter>
    </ClCompile>
    <ClCompile Include="ArRobotTypes.cpp">
      <Filter>Source Files</Filter>
    </ClCompile>
    <ClCompile Include="ArRVisionPTZ.cpp">
      <Filter>Source Files</Filter>
    </ClCompile>
    <ClCompile Include="ArSensorReading.cpp">
      <Filter>Source Files</Filter>
    </ClCompile>
    <ClCompile Include="ArSerialConnection_WIN.cpp">
      <Filter>Source Files</Filter>
    </ClCompile>
    <ClCompile Include="ArSick.cpp">
      <Filter>Source Files</Filter>
    </ClCompile>
    <ClCompile Include="ArSignalHandler_WIN.cpp">
      <Filter>Source Files</Filter>
    </ClCompile>
    <ClCompile Include="ArSimpleConnector.cpp">
      <Filter>Source Files</Filter>
    </ClCompile>
    <ClCompile Include="ArSimulatedLaser.cpp">
      <Filter>Source Files</Filter>
    </ClCompile>
    <ClCompile Include="ArSocket.cpp">
      <Filter>Source Files</Filter>
    </ClCompile>
    <ClCompile Include="ArSocket_WIN.cpp">
      <Filter>Source Files</Filter>
    </ClCompile>
    <ClCompile Include="ArSonarAutoDisabler.cpp">
      <Filter>Source Files</Filter>
    </ClCompile>
    <ClCompile Include="ArSonarDevice.cpp">
      <Filter>Source Files</Filter>
    </ClCompile>
    <ClCompile Include="ArSonyPTZ.cpp">
      <Filter>Source Files</Filter>
    </ClCompile>
    <ClCompile Include="ArSoundPlayer.cpp">
      <Filter>Source Files</Filter>
    </ClCompile>
    <ClCompile Include="ArSoundsQueue.cpp">
      <Filter>Source Files</Filter>
    </ClCompile>
    <ClCompile Include="ArSpeech.cpp">
      <Filter>Source Files</Filter>
    </ClCompile>
    <ClCompile Include="ArStringInfoGroup.cpp">
      <Filter>Source Files</Filter>
    </ClCompile>
    <ClCompile Include="ArSyncLoop.cpp">
      <Filter>Source Files</Filter>
    </ClCompile>
    <ClCompile Include="ArSyncTask.cpp">
      <Filter>Source Files</Filter>
    </ClCompile>
    <ClCompile Include="ArSystemStatus.cpp">
      <Filter>Source Files</Filter>
    </ClCompile>
    <ClCompile Include="ArTCM2.cpp">
      <Filter>Source Files</Filter>
    </ClCompile>
    <ClCompile Include="ArTCMCompassDirect.cpp">
      <Filter>Source Files</Filter>
    </ClCompile>
    <ClCompile Include="ArTCMCompassRobot.cpp">
      <Filter>Source Files</Filter>
    </ClCompile>
    <ClCompile Include="ArTcpConnection.cpp">
      <Filter>Source Files</Filter>
    </ClCompile>
    <ClCompile Include="ArThread.cpp">
      <Filter>Source Files</Filter>
    </ClCompile>
    <ClCompile Include="ArThread_WIN.cpp">
      <Filter>Source Files</Filter>
    </ClCompile>
    <ClCompile Include="ArTransform.cpp">
      <Filter>Source Files</Filter>
    </ClCompile>
    <ClCompile Include="ArTrimbleGPS.cpp">
      <Filter>Source Files</Filter>
    </ClCompile>
    <ClCompile Include="ArURG.cpp">
      <Filter>Source Files</Filter>
    </ClCompile>
    <ClCompile Include="ArVCC4.cpp">
      <Filter>Source Files</Filter>
    </ClCompile>
    <ClCompile Include="md5.cpp">
      <Filter>Source Files</Filter>
    </ClCompile>
  </ItemGroup>
  <ItemGroup>
    <ClInclude Include="..\include\ArAction.h">
      <Filter>Header Files</Filter>
    </ClInclude>
    <ClInclude Include="..\include\ArActionAvoidFront.h">
      <Filter>Header Files</Filter>
    </ClInclude>
    <ClInclude Include="..\include\ArActionAvoidSide.h">
      <Filter>Header Files</Filter>
    </ClInclude>
    <ClInclude Include="..\include\ArActionBumpers.h">
      <Filter>Header Files</Filter>
    </ClInclude>
    <ClInclude Include="..\include\ArActionColorFollow.h">
      <Filter>Header Files</Filter>
    </ClInclude>
    <ClInclude Include="..\include\ArActionConstantVelocity.h">
      <Filter>Header Files</Filter>
    </ClInclude>
    <ClInclude Include="..\include\ArActionDeceleratingLimiter.h">
      <Filter>Header Files</Filter>
    </ClInclude>
    <ClInclude Include="..\include\ArActionDesired.h">
      <Filter>Header Files</Filter>
    </ClInclude>
    <ClInclude Include="..\include\ArActionDriveDistance.h">
      <Filter>Header Files</Filter>
    </ClInclude>
    <ClInclude Include="..\include\ArActionGoto.h">
      <Filter>Header Files</Filter>
    </ClInclude>
    <ClInclude Include="..\include\ArActionGotoStraight.h">
      <Filter>Header Files</Filter>
    </ClInclude>
    <ClInclude Include="..\include\ArActionGroup.h">
      <Filter>Header Files</Filter>
    </ClInclude>
    <ClInclude Include="..\include\ArActionGroups.h">
      <Filter>Header Files</Filter>
    </ClInclude>
    <ClInclude Include="..\include\ArActionInput.h">
      <Filter>Header Files</Filter>
    </ClInclude>
    <ClInclude Include="..\include\ArActionIRs.h">
      <Filter>Header Files</Filter>
    </ClInclude>
    <ClInclude Include="..\include\ArActionJoydrive.h">
      <Filter>Header Files</Filter>
    </ClInclude>
    <ClInclude Include="..\include\ArActionKeydrive.h">
      <Filter>Header Files</Filter>
    </ClInclude>
    <ClInclude Include="..\include\ArActionLimiterBackwards.h">
      <Filter>Header Files</Filter>
    </ClInclude>
    <ClInclude Include="..\include\ArActionLimiterForwards.h">
      <Filter>Header Files</Filter>
    </ClInclude>
    <ClInclude Include="..\include\ArActionLimiterTableSensor.h">
      <Filter>Header Files</Filter>
    </ClInclude>
    <ClInclude Include="..\include\ArActionMovementParameters.h">
      <Filter>Header Files</Filter>
    </ClInclude>
    <ClInclude Include="..\include\ArActionRatioInput.h">
      <Filter>Header Files</Filter>
    </ClInclude>
    <ClInclude Include="..\include\ArActionRobotJoydrive.h">
      <Filter>Header Files</Filter>
    </ClInclude>
    <ClInclude Include="..\include\ArActionStallRecover.h">
      <Filter>Header Files</Filter>
    </ClInclude>
    <ClInclude Include="..\include\ArActionStop.h">
      <Filter>Header Files</Filter>
    </ClInclude>
    <ClInclude Include="..\include\ArActionTriangleDriveTo.h">
      <Filter>Header Files</Filter>
    </ClInclude>
    <ClInclude Include="..\include\ArActionTurn.h">
      <Filter>Header Files</Filter>
    </ClInclude>
    <ClInclude Include="..\include\ArActs.h">
      <Filter>Header Files</Filter>
    </ClInclude>
    <ClInclude Include="..\include\ArAMPTU.h">
      <Filter>Header Files</Filter>
    </ClInclude>
    <ClInclude Include="..\include\ArAnalogGyro.h">
      <Filter>Header Files</Filter>
    </ClInclude>
    <ClInclude Include="..\include\ArArg.h">
      <Filter>Header Files</Filter>
    </ClInclude>
    <ClInclude Include="..\include\ArArgumentBuilder.h">
      <Filter>Header Files</Filter>
    </ClInclude>
    <ClInclude Include="..\include\ArArgumentParser.h">
      <Filter>Header Files</Filter>
    </ClInclude>
    <ClInclude Include="..\include\ArASyncTask.h">
      <Filter>Header Files</Filter>
    </ClInclude>
    <ClInclude Include="..\include\ArBasePacket.h">
      <Filter>Header Files</Filter>
    </ClInclude>
    <ClInclude Include="..\include\ArBumpers.h">
      <Filter>Header Files</Filter>
    </ClInclude>
    <ClInclude Include="..\include\ArCameraCollection.h">
      <Filter>Header Files</Filter>
    </ClInclude>
    <ClInclude Include="..\include\ArCameraCommands.h">
      <Filter>Header Files</Filter>
    </ClInclude>
    <ClInclude Include="..\include\ArCommands.h">
      <Filter>Header Files</Filter>
    </ClInclude>
    <ClInclude Include="..\include\ArCondition.h">
      <Filter>Header Files</Filter>
    </ClInclude>
    <ClInclude Include="..\include\ArConfig.h">
      <Filter>Header Files</Filter>
    </ClInclude>
    <ClInclude Include="..\include\ArConfigArg.h">
      <Filter>Header Files</Filter>
    </ClInclude>
    <ClInclude Include="..\include\ArConfigGroup.h">
      <Filter>Header Files</Filter>
    </ClInclude>
    <ClInclude Include="..\include\ArDataLogger.h">
      <Filter>Header Files</Filter>
    </ClInclude>
    <ClInclude Include="..\include\ArDeviceConnection.h">
      <Filter>Header Files</Filter>
    </ClInclude>
    <ClInclude Include="..\include\ArDPPTU.h">
      <Filter>Header Files</Filter>
    </ClInclude>
    <ClInclude Include="..\include\ArDrawingData.h">
      <Filter>Header Files</Filter>
    </ClInclude>
    <ClInclude Include="..\include\ArExport.h">
      <Filter>Header Files</Filter>
    </ClInclude>
    <ClInclude Include="..\include\ArFileParser.h">
      <Filter>Header Files</Filter>
    </ClInclude>
    <ClInclude Include="..\include\ArForbiddenRangeDevice.h">
      <Filter>Header Files</Filter>
    </ClInclude>
    <ClInclude Include="..\include\ArFunctor.h">
      <Filter>Header Files</Filter>
    </ClInclude>
    <ClInclude Include="..\include\ArFunctorASyncTask.h">
      <Filter>Header Files</Filter>
    </ClInclude>
    <ClInclude Include="..\include\ArGPS.h">
      <Filter>Header Files</Filter>
    </ClInclude>
    <ClInclude Include="..\include\ArGPSConnector.h">
      <Filter>Header Files</Filter>
    </ClInclude>
    <ClInclude Include="..\include\ArGPSCoords.h">
      <Filter>Header Files</Filter>
    </ClInclude>
    <ClInclude Include="..\include\ArGripper.h">
      <Filter>Header Files</Filter>
    </ClInclude>
    <ClInclude Include="..\include\Aria.h">
      <Filter>Header Files</Filter>
    </ClInclude>
    <ClInclude Include="..\include\ariaInternal.h">
      <Filter>Header Files</Filter>
    </ClInclude>
    <ClInclude Include="..\include\ariaOSDef.h">
      <Filter>Header Files</Filter>
    </ClInclude>
    <ClInclude Include="..\include\ariaTypedefs.h">
      <Filter>Header Files</Filter>
    </ClInclude>
    <ClInclude Include="..\include\ariaUtil.h">
      <Filter>Header Files</Filter>
    </ClInclude>
    <ClInclude Include="..\include\ArInterpolation.h">
      <Filter>Header Files</Filter>
    </ClInclude>
    <ClInclude Include="..\include\ArIrrfDevice.h">
      <Filter>Header Files</Filter>
    </ClInclude>
    <ClInclude Include="..\include\ArIRs.h">
      <Filter>Header Files</Filter>
    </ClInclude>
    <ClInclude Include="..\include\ArJoyHandler.h">
      <Filter>Header Files</Filter>
    </ClInclude>
    <ClInclude Include="..\include\ArKeyHandler.h">
      <Filter>Header Files</Filter>
    </ClInclude>
    <ClInclude Include="..\include\ArLaser.h">
      <Filter>Header Files</Filter>
    </ClInclude>
    <ClInclude Include="..\include\ArLaserConnector.h">
      <Filter>Header Files</Filter>
    </ClInclude>
    <ClInclude Include="..\include\ArLaserFilter.h">
      <Filter>Header Files</Filter>
    </ClInclude>
    <ClInclude Include="..\include\ArLaserLogger.h">
      <Filter>Header Files</Filter>
    </ClInclude>
    <ClInclude Include="..\include\ArLaserReflectorDevice.h">
      <Filter>Header Files</Filter>
    </ClInclude>
    <ClInclude Include="..\include\ArLineFinder.h">
      <Filter>Header Files</Filter>
    </ClInclude>
    <ClInclude Include="..\include\ArLMS1XX.h">
      <Filter>Header Files</Filter>
    </ClInclude>
    <ClInclude Include="..\include\ArLMS2xx.h">
      <Filter>Header Files</Filter>
    </ClInclude>
    <ClInclude Include="..\include\ArLMS2xxPacket.h">
      <Filter>Header Files</Filter>
    </ClInclude>
    <ClInclude Include="..\include\ArLMS2xxPacketReceiver.h">
      <Filter>Header Files</Filter>
    </ClInclude>
    <ClInclude Include="..\include\ArLog.h">
      <Filter>Header Files</Filter>
    </ClInclude>
    <ClInclude Include="..\include\ArLogFileConnection.h">
      <Filter>Header Files</Filter>
    </ClInclude>
    <ClInclude Include="..\include\ArMap.h">
      <Filter>Header Files</Filter>
    </ClInclude>
    <ClInclude Include="..\include\ArMapComponents.h">
      <Filter>Header Files</Filter>
    </ClInclude>
    <ClInclude Include="..\include\ArMapInterface.h">
      <Filter>Header Files</Filter>
    </ClInclude>
    <ClInclude Include="..\include\ArMapObject.h">
      <Filter>Header Files</Filter>
    </ClInclude>
    <ClInclude Include="..\include\ArMapUtils.h">
      <Filter>Header Files</Filter>
    </ClInclude>
    <ClInclude Include="..\include\ArMD5Calculator.h">
      <Filter>Header Files</Filter>
    </ClInclude>
    <ClInclude Include="..\include\ArMode.h">
      <Filter>Header Files</Filter>
    </ClInclude>
    <ClInclude Include="..\include\ArModes.h">
      <Filter>Header Files</Filter>
    </ClInclude>
    <ClInclude Include="..\include\ArModule.h">
      <Filter>Header Files</Filter>
    </ClInclude>
    <ClInclude Include="..\include\ArModuleLoader.h">
      <Filter>Header Files</Filter>
    </ClInclude>
    <ClInclude Include="..\include\ArMutex.h">
      <Filter>Header Files</Filter>
    </ClInclude>
    <ClInclude Include="..\include\ArNetServer.h">
      <Filter>Header Files</Filter>
    </ClInclude>
    <ClInclude Include="..\include\ArNMEAParser.h">
      <Filter>Header Files</Filter>
    </ClInclude>
    <ClInclude Include="..\include\ArNovatelGPS.h">
      <Filter>Header Files</Filter>
    </ClInclude>
    <ClInclude Include="..\include\ArP2Arm.h">
      <Filter>Header Files</Filter>
    </ClInclude>
    <ClInclude Include="..\include\ArPixelDevice.h">
      <Filter>Header Files</Filter>
    </ClInclude>
    <ClInclude Include="..\include\ArPriorityResolver.h">
      <Filter>Header Files</Filter>
    </ClInclude>
    <ClInclude Include="..\include\ArPTZ.h">
      <Filter>Header Files</Filter>
    </ClInclude>
    <ClInclude Include="..\include\ArRangeBuffer.h">
      <Filter>Header Files</Filter>
    </ClInclude>
    <ClInclude Include="..\include\ArRangeDevice.h">
      <Filter>Header Files</Filter>
    </ClInclude>
    <ClInclude Include="..\include\ArRangeDeviceThreaded.h">
      <Filter>Header Files</Filter>
    </ClInclude>
    <ClInclude Include="..\include\ArRatioInputJoydrive.h">
      <Filter>Header Files</Filter>
    </ClInclude>
    <ClInclude Include="..\include\ArRatioInputKeydrive.h">
      <Filter>Header Files</Filter>
    </ClInclude>
    <ClInclude Include="..\include\ArRatioInputRobotJoydrive.h">
      <Filter>Header Files</Filter>
    </ClInclude>
    <ClInclude Include="..\include\ArRecurrentTask.h">
      <Filter>Header Files</Filter>
    </ClInclude>
    <ClInclude Include="..\include\ArResolver.h">
      <Filter>Header Files</Filter>
    </ClInclude>
    <ClInclude Include="..\include\ArRingQueue.h">
      <Filter>Header Files</Filter>
    </ClInclude>
    <ClInclude Include="..\include\ArRobot.h">
      <Filter>Header Files</Filter>
    </ClInclude>
    <ClInclude Include="..\include\ArRobotConfig.h">
      <Filter>Header Files</Filter>
    </ClInclude>
    <ClInclude Include="..\include\ArRobotConfigPacketReader.h">
      <Filter>Header Files</Filter>
    </ClInclude>
    <ClInclude Include="..\include\ArRobotConnector.h">
      <Filter>Header Files</Filter>
    </ClInclude>
    <ClInclude Include="..\include\ArRobotJoyHandler.h">
      <Filter>Header Files</Filter>
    </ClInclude>
    <ClInclude Include="..\include\ArRobotPacket.h">
      <Filter>Header Files</Filter>
    </ClInclude>
    <ClInclude Include="..\include\ArRobotPacketReceiver.h">
      <Filter>Header Files</Filter>
    </ClInclude>
    <ClInclude Include="..\include\ArRobotPacketSender.h">
      <Filter>Header Files</Filter>
    </ClInclude>
    <ClInclude Include="..\include\ArRobotParams.h">
      <Filter>Header Files</Filter>
    </ClInclude>
    <ClInclude Include="..\include\ArRobotTypes.h">
      <Filter>Header Files</Filter>
    </ClInclude>
    <ClInclude Include="..\include\ArRVisionPTZ.h">
      <Filter>Header Files</Filter>
    </ClInclude>
    <ClInclude Include="..\include\ArSensorReading.h">
      <Filter>Header Files</Filter>
    </ClInclude>
    <ClInclude Include="..\include\ArSerialConnection.h">
      <Filter>Header Files</Filter>
    </ClInclude>
    <ClInclude Include="..\include\ArSick.h">
      <Filter>Header Files</Filter>
    </ClInclude>
    <ClInclude Include="..\include\ArSickLogger.h">
      <Filter>Header Files</Filter>
    </ClInclude>
    <ClInclude Include="..\include\ArSickPacket.h">
      <Filter>Header Files</Filter>
    </ClInclude>
    <ClInclude Include="..\include\ArSickPacketReceiver.h">
      <Filter>Header Files</Filter>
    </ClInclude>
    <ClInclude Include="..\include\ArSignalHandler.h">
      <Filter>Header Files</Filter>
    </ClInclude>
    <ClInclude Include="..\include\ArSimpleConnector.h">
      <Filter>Header Files</Filter>
    </ClInclude>
    <ClInclude Include="..\include\ArSimulatedLaser.h">
      <Filter>Header Files</Filter>
    </ClInclude>
    <ClInclude Include="..\include\ArSocket.h">
      <Filter>Header Files</Filter>
    </ClInclude>
    <ClInclude Include="..\include\ArSonarAutoDisabler.h">
      <Filter>Header Files</Filter>
    </ClInclude>
    <ClInclude Include="..\include\ArSonarDevice.h">
      <Filter>Header Files</Filter>
    </ClInclude>
    <ClInclude Include="..\include\ArSonyPTZ.h">
      <Filter>Header Files</Filter>
    </ClInclude>
    <ClInclude Include="..\include\ArSoundPlayer.h">
      <Filter>Header Files</Filter>
    </ClInclude>
    <ClInclude Include="..\include\ArSoundsQueue.h">
      <Filter>Header Files</Filter>
    </ClInclude>
    <ClInclude Include="..\include\ArSpeech.h">
      <Filter>Header Files</Filter>
    </ClInclude>
    <ClInclude Include="..\include\ArStringInfoGroup.h">
      <Filter>Header Files</Filter>
    </ClInclude>
    <ClInclude Include="..\include\ArSyncLoop.h">
      <Filter>Header Files</Filter>
    </ClInclude>
    <ClInclude Include="..\include\ArSyncTask.h">
      <Filter>Header Files</Filter>
    </ClInclude>
    <ClInclude Include="..\include\ArSystemStatus.h">
      <Filter>Header Files</Filter>
    </ClInclude>
    <ClInclude Include="..\include\ArTaskState.h">
      <Filter>Header Files</Filter>
    </ClInclude>
    <ClInclude Include="..\include\ArTCM2.h">
      <Filter>Header Files</Filter>
    </ClInclude>
    <ClInclude Include="..\include\ArTCMCompassDirect.h">
      <Filter>Header Files</Filter>
    </ClInclude>
    <ClInclude Include="..\include\ArTCMCompassRobot.h">
      <Filter>Header Files</Filter>
    </ClInclude>
    <ClInclude Include="..\include\ArTcpConnection.h">
      <Filter>Header Files</Filter>
    </ClInclude>
    <ClInclude Include="..\include\ArThread.h">
      <Filter>Header Files</Filter>
    </ClInclude>
    <ClInclude Include="..\include\ArTransform.h">
      <Filter>Header Files</Filter>
    </ClInclude>
    <ClInclude Include="..\include\ArTrimbleGPS.h">
      <Filter>Header Files</Filter>
    </ClInclude>
    <ClInclude Include="..\include\ArURG.h">
      <Filter>Header Files</Filter>
    </ClInclude>
    <ClInclude Include="..\include\ArVCC4.h">
      <Filter>Header Files</Filter>
    </ClInclude>
    <ClInclude Include="..\include\ArVersalogicIO.h">
      <Filter>Header Files</Filter>
    </ClInclude>
    <ClInclude Include="..\include\md5.h">
      <Filter>Header Files</Filter>
    </ClInclude>
  </ItemGroup>
  <ItemGroup>
    <None Include="..\LICENSE.txt" />
    <None Include="..\README.txt" />
  </ItemGroup>
</Project>